
Microsoft Visual Studio Solution File, Format Version 12.00
# Visual Studio Version 17
VisualStudioVersion = 17.0.32112.339
MinimumVisualStudioVersion = 10.0.40219.1
Project("{FAE04EC0-301F-11D3-BF4B-00C04F79EFBC}") = "Suma_de_dos_numeros", "Suma_de_dos_numeros\Suma_de_dos_numeros.csproj", "{E2916128-69B9-4105-90C3-F30BC73AFDEE}"
EndProject
Global
	GlobalSection(SolutionConfigurationPlatforms) = preSolution
		Debug|Any CPU = Debug|Any CPU
		Release|Any CPU = Release|Any CPU
	EndGlobalSection
	GlobalSection(ProjectConfigurationPlatforms) = postSolution
		{E2916128-69B9-4105-90C3-F30BC73AFDEE}.Debug|Any CPU.ActiveCfg = Debug|Any CPU
		{E2916128-69B9-4105-90C3-F30BC73AFDEE}.Debug|Any CPU.Build.0 = Debug|Any CPU
		{E2916128-69B9-4105-90C3-F30BC73AFDEE}.Release|Any CPU.ActiveCfg = Release|Any CPU
		{E2916128-69B9-4105-90C3-F30BC73AFDEE}.Release|Any CPU.Build.0 = Release|Any CPU
	EndGlobalSection
	GlobalSection(SolutionProperties) = preSolution
		HideSolutionNode = FALSE
	EndGlobalSection
	GlobalSection(ExtensibilityGlobals) = postSolution
		SolutionGuid = {C1E82E57-8626-41D1-8E31-52AF42F5C51C}
	EndGlobalSection
EndGlobal
